
Microsoft Visual Studio Solution File, Format Version 12.00
# Visual Studio Version 17
VisualStudioVersion = 17.11.35222.181
MinimumVisualStudioVersion = 10.0.40219.1
Project("{8BC9CEB8-8B4A-11D0-8D11-00A0C91BC942}") = "HW#04", "HW#04\HW#04.vcxproj", "{3D30962C-6FD8-4E04-8801-39C0DF49BCFE}"
EndProject
Global
	GlobalSection(SolutionConfigurationPlatforms) = preSolution
		Debug|x64 = Debug|x64
		Debug|x86 = Debug|x86
		Release|x64 = Release|x64
		Release|x86 = Release|x86
	EndGlobalSection
	GlobalSection(ProjectConfigurationPlatforms) = postSolution
		{3D30962C-6FD8-4E04-8801-39C0DF49BCFE}.Debug|x64.ActiveCfg = Debug|x64
		{3D30962C-6FD8-4E04-8801-39C0DF49BCFE}.Debug|x64.Build.0 = Debug|x64
		{3D30962C-6FD8-4E04-8801-39C0DF49BCFE}.Debug|x86.ActiveCfg = Debug|Win32
		{3D30962C-6FD8-4E04-8801-39C0DF49BCFE}.Debug|x86.Build.0 = Debug|Win32
		{3D30962C-6FD8-4E04-8801-39C0DF49BCFE}.Release|x64.ActiveCfg = Release|x64
		{3D30962C-6FD8-4E04-8801-39C0DF49BCFE}.Release|x64.Build.0 = Release|x64
		{3D30962C-6FD8-4E04-8801-39C0DF49BCFE}.Release|x86.ActiveCfg = Release|Win32
		{3D30962C-6FD8-4E04-8801-39C0DF49BCFE}.Release|x86.Build.0 = Release|Win32
	EndGlobalSection
	GlobalSection(SolutionProperties) = preSolution
		HideSolutionNode = FALSE
	EndGlobalSection
	GlobalSection(ExtensibilityGlobals) = postSolution
		SolutionGuid = {7E2205C5-0215-4B9D-995B-999CBEE07CDD}
	EndGlobalSection
EndGlobal
